
Microsoft Visual Studio Solution File, Format Version 12.00
# Visual Studio Version 17
VisualStudioVersion = 17.2.32630.192
MinimumVisualStudioVersion = 10.0.40219.1
Project("{FAE04EC0-301F-11D3-BF4B-00C04F79EFBC}") = "Word Document Test", "Word Document Test\Word Document Test.csproj", "{CCC1FD54-609E-40EC-B977-0F3B44107851}"
EndProject
Global
	GlobalSection(SolutionConfigurationPlatforms) = preSolution
		Debug|Any CPU = Debug|Any CPU
		Release|Any CPU = Release|Any CPU
	EndGlobalSection
	GlobalSection(ProjectConfigurationPlatforms) = postSolution
		{CCC1FD54-609E-40EC-B977-0F3B44107851}.Debug|Any CPU.ActiveCfg = Debug|Any CPU
		{CCC1FD54-609E-40EC-B977-0F3B44107851}.Debug|Any CPU.Build.0 = Debug|Any CPU
		{CCC1FD54-609E-40EC-B977-0F3B44107851}.Release|Any CPU.ActiveCfg = Release|Any CPU
		{CCC1FD54-609E-40EC-B977-0F3B44107851}.Release|Any CPU.Build.0 = Release|Any CPU
	EndGlobalSection
	GlobalSection(SolutionProperties) = preSolution
		HideSolutionNode = FALSE
	EndGlobalSection
	GlobalSection(ExtensibilityGlobals) = postSolution
		SolutionGuid = {C9EC143D-B8D2-417B-877C-87CB1C12C560}
	EndGlobalSection
EndGlobal
